PODS:
  - ObjectMapper (3.5.1)
  - Realm (3.17.1):
    - Realm/Headers (= 3.17.1)
  - Realm/Headers (3.17.1)
  - RealmSwift (3.17.1):
    - Realm (= 3.17.1)

DEPENDENCIES:
  - ObjectMapper
  - RealmSwift

SPEC REPOS:
  https://github.com/cocoapods/specs.git:
    - ObjectMapper
    - Realm
    - RealmSwift

SPEC CHECKSUMS:
  ObjectMapper: 70187b8941977c62ccfb423caf6b50be405cabf0
  Realm: c204f1a890f07dea43b14132a6aad118c054b8f2
  RealmSwift: 4d3c9233544b9cd08a8913e0872b9038eb99b054

PODFILE CHECKSUM: 2ed75d115696a748dfc673492b0de3442515f421

COCOAPODS: 1.5.3
